// !$*UTF8*$!
{
	archiveVersion = 1;
	classes = {
	};
	objectVersion = 46;
	objects = {

/* Begin PBXBuildFile section */
		017B2B581DB7F23300764AAD /* CalculatorBrain.swift in Sources */ = {isa = PBXBuildFile; fileRef = 017B2B571DB7F23300764AAD /* CalculatorBrain.swift */; };
		01A136371D90871600A1BC49 /* AppDelegate.swift in Sources */ = {isa = PBXBuildFile; fileRef = 01A136361D90871600A1BC49 /* AppDelegate.swift */; };
		01A136391D90871600A1BC49 /* ViewController.swift in Sources */ = {isa = PBXBuildFile; fileRef = 01A136381D90871600A1BC49 /* ViewController.swift */; };
		01A1363C1D90871600A1BC49 /* Main.storyboard in Resources */ = {isa = PBXBuildFile; fileRef = 01A1363A1D90871600A1BC49 /* Main.storyboard */; };
		01A1363E1D90871600A1BC49 /* Assets.xcassets in Resources */ = {isa = PBXBuildFile; fileRef = 01A1363D1D90871600A1BC49 /* Assets.xcassets */; };
		01A136411D90871600A1BC49 /* LaunchScreen.storyboard in Resources */ = {isa = PBXBuildFile; fileRef = 01A1363F1D90871600A1BC49 /* LaunchScreen.storyboard */; };
		01A1364C1D90871600A1BC49 /* CalculatorTests.swift in Sources */ = {isa = PBXBuildFile; fileRef = 01A1364B1D90871600A1BC49 /* CalculatorTests.swift */; };
		01A136571D90871600A1BC49 /* CalculatorUITests.swift in Sources */ = {isa = PBXBuildFile; fileRef = 01A136561D90871600A1BC49 /* CalculatorUITests.swift */; };
/* End PBXBuildFile section */

/* Begin PBXContainerItemProxy section */
		01A136481D90871600A1BC49 /* PBXContainerItemProxy */ = {
			isa = PBXContainerItemProxy;
			containerPortal = 01A1362B1D90871500A1BC49 /* Project object */;
			proxyType = 1;
			remoteGlobalIDString = 01A136321D90871500A1BC49;
			remoteInfo = Calculator;
		};
		01A136531D90871600A1BC49 /* PBXContainerItemProxy */ = {
			isa = PBXContainerItemProxy;
			containerPortal = 01A1362B1D90871500A1BC49 /* Project object */;
			proxyType = 1;
			remoteGlobalIDString = 01A136321D90871500A1BC49;
			remoteInfo = Calculator;
		};
/* End PBXContainerItemProxy section */

/* Begin PBXFileReference section */
		017B2B571DB7F23300764AAD /* CalculatorBrain.swift */ = {isa = PBXFileReference; fileEncoding = 4; lastKnownFileType = sourcecode.swift; path = CalculatorBrain.swift; sourceTree = "<group>"; };
		01A136331D90871600A1BC49 /* Calculator.app */ = {isa = PBXFileReference; explicitFileType = wrapper.application; includeInIndex = 0; path = Calculator.app; sourceTree = BUILT_PRODUCTS_DIR; };
		01A136361D90871600A1BC49 /* AppDelegate.swift */ = {isa = PBXFileReference; lastKnownFileType = sourcecode.swift; path = AppDelegate.swift; sourceTree = "<group>"; };
		01A136381D90871600A1BC49 /* ViewController.swift */ = {isa = PBXFileReference; lastKnownFileType = sourcecode.swift; path = ViewController.swift; sourceTree = "<group>"; };
		01A1363B1D90871600A1BC49 /* Base */ = {isa = PBXFileReference; lastKnownFileType = file.storyboard; name = Base; path = Base.lproj/Main.storyboard; sourceTree = "<group>"; };
		01A1363D1D90871600A1BC49 /* Assets.xcassets */ = {isa = PBXFileReference; lastKnownFileType = folder.assetcatalog; path = Assets.xcassets; sourceTree = "<group>"; };
		01A136401D90871600A1BC49 /* Base */ = {isa = PBXFileReference; lastKnownFileType = file.storyboard; name = Base; path = Base.lproj/LaunchScreen.storyboard; sourceTree = "<group>"; };
		01A136421D90871600A1BC49 /* Info.plist */ = {isa = PBXFileReference; lastKnownFileType = text.plist.xml; path = Info.plist; sourceTree = "<group>"; };
		01A136471D90871600A1BC49 /* CalculatorTests.xctest */ = {isa = PBXFileReference; explicitFileType = wrapper.cfbundle; includeInIndex = 0; path = CalculatorTests.xctest; sourceTree = BUILT_PRODUCTS_DIR; };
		01A1364B1D90871600A1BC49 /* CalculatorTests.swift */ = {isa = PBXFileReference; lastKnownFileType = sourcecode.swift; path = CalculatorTests.swift; sourceTree = "<group>"; };
		01A1364D1D90871600A1BC49 /* Info.plist */ = {isa = PBXFileReference; lastKnownFileType = text.plist.xml; path = Info.plist; sourceTree = "<group>"; };
		01A136521D90871600A1BC49 /* CalculatorUITests.xctest */ = {isa = PBXFileReference; explicitFileType = wrapper.cfbundle; includeInIndex = 0; path = CalculatorUITests.xctest; sourceTree = BUILT_PRODUCTS_DIR; };
		01A136561D90871600A1BC49 /* CalculatorUITests.swift */ = {isa = PBXFileReference; lastKnownFileType = sourcecode.swift; path = CalculatorUITests.swift; sourceTree = "<group>"; };
		01A136581D90871600A1BC49 /* Info.plist */ = {isa = PBXFileReference; lastKnownFileType = text.plist.xml; path = Info.plist; sourceTree = "<group>"; };
/* End PBXFileReference section */

/* Begin PBXFrameworksBuildPhase section */
		01A136301D90871500A1BC49 /* Frameworks */ = {
			isa = PBXFrameworksBuildPhase;
			buildActionMask = 2147483647;
			files = (
			);
			runOnlyForDeploymentPostprocessing = 0;
		};
		01A136441D90871600A1BC49 /* Frameworks */ = {
			isa = PBXFrameworksBuildPhase;
			buildActionMask = 2147483647;
			files = (
			);
			runOnlyForDeploymentPostprocessing = 0;
		};
		01A1364F1D90871600A1BC49 /* Frameworks */ = {
			isa = PBXFrameworksBuildPhase;
			buildActionMask = 2147483647;
			files = (
			);
			runOnlyForDeploymentPostprocessing = 0;
		};
/* End PBXFrameworksBuildPhase section */

/* Begin PBXGroup section */
		01A1362A1D90871500A1BC49 = {
			isa = PBXGroup;
			children = (
				01A136351D90871600A1BC49 /* Calculator */,
				01A1364A1D90871600A1BC49 /* CalculatorTests */,
				01A136551D90871600A1BC49 /* CalculatorUITests */,
				01A136341D90871600A1BC49 /* Products */,
			);
			sourceTree = "<group>";
		};
		01A136341D90871600A1BC49 /* Products */ = {
			isa = PBXGroup;
			children = (
				01A136331D90871600A1BC49 /* Calculator.app */,
				01A136471D90871600A1BC49 /* CalculatorTests.xctest */,
				01A136521D90871600A1BC49 /* CalculatorUITests.xctest */,
			);
			name = Products;
			sourceTree = "<group>";
		};
		01A136351D90871600A1BC49 /* Calculator */ = {
			isa = PBXGroup;
			children = (
				01A136641D99B25100A1BC49 /* Supporting files */,
				01A136381D90871600A1BC49 /* ViewController.swift */,
				01A1363A1D90871600A1BC49 /* Main.storyboard */,
				017B2B571DB7F23300764AAD /* CalculatorBrain.swift */,
			);
			path = Calculator;
			sourceTree = "<group>";
		};
		01A1364A1D90871600A1BC49 /* CalculatorTests */ = {
			isa = PBXGroup;
			children = (
				01A1364B1D90871600A1BC49 /* CalculatorTests.swift */,
				01A1364D1D90871600A1BC49 /* Info.plist */,
			);
			path = CalculatorTests;
			sourceTree = "<group>";
		};
		01A136551D90871600A1BC49 /* CalculatorUITests */ = {
			isa = PBXGroup;
			children = (
				01A136561D90871600A1BC49 /* CalculatorUITests.swift */,
				01A136581D90871600A1BC49 /* Info.plist */,
			);
			path = CalculatorUITests;
			sourceTree = "<group>";
		};
		01A136641D99B25100A1BC49 /* Supporting files */ = {
			isa = PBXGroup;
			children = (
				01A136421D90871600A1BC49 /* Info.plist */,
				01A1363D1D90871600A1BC49 /* Assets.xcassets */,
				01A1363F1D90871600A1BC49 /* LaunchScreen.storyboard */,
				01A136361D90871600A1BC49 /* AppDelegate.swift */,
			);
			name = "Supporting files";
			sourceTree = "<group>";
		};
/* End PBXGroup section */

/* Begin PBXNativeTarget section */
		01A136321D90871500A1BC49 /* Calculator */ = {
			isa = PBXNativeTarget;
			buildConfigurationList = 01A1365B1D90871600A1BC49 /* Build configuration list for PBXNativeTarget "Calculator" */;
			buildPhases = (
				01A1362F1D90871500A1BC49 /* Sources */,
				01A136301D90871500A1BC49 /* Frameworks */,
				01A136311D90871500A1BC49 /* Resources */,
			);
			buildRules = (
			);
			dependencies = (
			);
			name = Calculator;
			productName = Calculator;
			productReference = 01A136331D90871600A1BC49 /* Calculator.app */;
			productType = "com.apple.product-type.application";
		};
		01A136461D90871600A1BC49 /* CalculatorTests */ = {
			isa = PBXNativeTarget;
			buildConfigurationList = 01A1365E1D90871600A1BC49 /* Build configuration list for PBXNativeTarget "CalculatorTests" */;
			buildPhases = (
				01A136431D90871600A1BC49 /* Sources */,
				01A136441D90871600A1BC49 /* Frameworks */,
				01A136451D90871600A1BC49 /* Resources */,
			);
			buildRules = (
			);
			dependencies = (
				01A136491D90871600A1BC49 /* PBXTargetDependency */,
			);
			name = CalculatorTests;
			productName = CalculatorTests;
			productReference = 01A136471D90871600A1BC49 /* CalculatorTests.xctest */;
			productType = "com.apple.product-type.bundle.unit-test";
		};
		01A136511D90871600A1BC49 /* CalculatorUITests */ = {
			isa = PBXNativeTarget;
			buildConfigurationList = 01A136611D90871600A1BC49 /* Build configuration list for PBXNativeTarget "CalculatorUITests" */;
			buildPhases = (
				01A1364E1D90871600A1BC49 /* Sources */,
				01A1364F1D90871600A1BC49 /* Frameworks */,
				01A136501D90871600A1BC49 /* Resources */,
			);
			buildRules = (
			);
			dependencies = (
				01A136541D90871600A1BC49 /* PBXTargetDependency */,
			);
			name = CalculatorUITests;
			productName = CalculatorUITests;
			productReference = 01A136521D90871600A1BC49 /* CalculatorUITests.xctest */;
			productType = "com.apple.product-type.bundle.ui-testing";
		};
/* End PBXNativeTarget section */

/* Begin PBXProject section */
		01A1362B1D90871500A1BC49 /* Project object */ = {
			isa = PBXProject;
			attributes = {
				LastSwiftUpdateCheck = 0730;
				LastUpgradeCheck = 0730;
				ORGANIZATIONNAME = "Andrew Wang";
				TargetAttributes = {
					01A136321D90871500A1BC49 = {
						CreatedOnToolsVersion = 7.3.1;
						DevelopmentTeam = 438AH293LK;
					};
					01A136461D90871600A1BC49 = {
						CreatedOnToolsVersion = 7.3.1;
						TestTargetID = 01A136321D90871500A1BC49;
					};
					01A136511D90871600A1BC49 = {
						CreatedOnToolsVersion = 7.3.1;
						TestTargetID = 01A136321D90871500A1BC49;
					};
				};
			};
			buildConfigurationList = 01A1362E1D90871500A1BC49 /* Build configuration list for PBXProject "Calculator" */;
			compatibilityVersion = "Xcode 3.2";
			developmentRegion = English;
			hasScannedForEncodings = 0;
			knownRegions = (
				en,
				Base,
			);
			mainGroup = 01A1362A1D90871500A1BC49;
			productRefGroup = 01A136341D90871600A1BC49 /* Products */;
			projectDirPath = "";
			projectRoot = "";
			targets = (
				01A136321D90871500A1BC49 /* Calculator */,
				01A136461D90871600A1BC49 /* CalculatorTests */,
				01A136511D90871600A1BC49 /* CalculatorUITests */,
			);
		};
/* End PBXProject section */

/* Begin PBXResourcesBuildPhase section */
		01A136311D90871500A1BC49 /* Resources */ = {
			isa = PBXResourcesBuildPhase;
			buildActionMask = 2147483647;
			files = (
				01A136411D90871600A1BC49 /* LaunchScreen.storyboard in Resources */,
				01A1363E1D90871600A1BC49 /* Assets.xcassets in Resources */,
				01A1363C1D90871600A1BC49 /* Main.storyboard in Resources */,
			);
			runOnlyForDeploymentPostprocessing = 0;
		};
		01A136451D90871600A1BC49 /* Resources */ = {
			isa = PBXResourcesBuildPhase;
			buildActionMask = 2147483647;
			files = (
			);
			runOnlyForDeploymentPostprocessing = 0;
		};
		01A136501D90871600A1BC49 /* Resources */ = {
			isa = PBXResourcesBuildPhase;
			buildActionMask = 2147483647;
			files = (
			);
			runOnlyForDeploymentPostprocessing = 0;
		};
/* End PBXResourcesBuildPhase section */

/* Begin PBXSourcesBuildPhase section */
		01A1362F1D90871500A1BC49 /* Sources */ = {
			isa = PBXSourcesBuildPhase;
			buildActionMask = 2147483647;
			files = (
				017B2B581DB7F23300764AAD /* CalculatorBrain.swift in Sources */,
				01A136391D90871600A1BC49 /* ViewController.swift in Sources */,
				01A136371D90871600A1BC49 /* AppDelegate.swift in Sources */,
			);
			runOnlyForDeploymentPostprocessing = 0;
		};
		01A136431D90871600A1BC49 /* Sources */ = {
			isa = PBXSourcesBuildPhase;
			buildActionMask = 2147483647;
			files = (
				01A1364C1D90871600A1BC49 /* CalculatorTests.swift in Sources */,
			);
			runOnlyForDeploymentPostprocessing = 0;
		};
		01A1364E1D90871600A1BC49 /* Sources */ = {
			isa = PBXSourcesBuildPhase;
			buildActionMask = 2147483647;
			files = (
				01A136571D90871600A1BC49 /* CalculatorUITests.swift in Sources */,
			);
			runOnlyForDeploymentPostprocessing = 0;
		};
/* End PBXSourcesBuildPhase section */

/* Begin PBXTargetDependency section */
		01A136491D90871600A1BC49 /* PBXTargetDependency */ = {
			isa = PBXTargetDependency;
			target = 01A136321D90871500A1BC49 /* Calculator */;
			targetProxy = 01A136481D90871600A1BC49 /* PBXContainerItemProxy */;
		};
		01A136541D90871600A1BC49 /* PBXTargetDependency */ = {
			isa = PBXTargetDependency;
			target = 01A136321D90871500A1BC49 /* Calculator */;
			targetProxy = 01A136531D90871600A1BC49 /* PBXContainerItemProxy */;
		};
/* End PBXTargetDependency section */

/* Begin PBXVariantGroup section */
		01A1363A1D90871600A1BC49 /* Main.storyboard */ = {
			isa = PBXVariantGroup;
			children = (
				01A1363B1D90871600A1BC49 /* Base */,
			);
			name = Main.storyboard;
			sourceTree = "<group>";
		};
		01A1363F1D90871600A1BC49 /* LaunchScreen.storyboard */ = {
			isa = PBXVariantGroup;
			children = (
				01A136401D90871600A1BC49 /* Base */,
			);
			name = LaunchScreen.storyboard;
			sourceTree = "<group>";
		};
/* End PBXVariantGroup section */

/* Begin XCBuildConfiguration section */
		01A136591D90871600A1BC49 /* Debug */ = {
			isa = XCBuildConfiguration;
			buildSettings = {
				ALWAYS_SEARCH_USER_PATHS = NO;
				CLANG_ANALYZER_NONNULL = YES;
				CLANG_CXX_LANGUAGE_STANDARD = "gnu++0x";
				CLANG_CXX_LIBRARY = "libc++";
				CLANG_ENABLE_MODULES = YES;
				CLANG_ENABLE_OBJC_ARC = YES;
				CLANG_WARN_BOOL_CONVERSION = YES;
				CLANG_WARN_CONSTANT_CONVERSION = YES;
				CLANG_WARN_DIRECT_OBJC_ISA_USAGE = YES_ERROR;
				CLANG_WARN_EMPTY_BODY = YES;
				CLANG_WARN_ENUM_CONVERSION = YES;
				CLANG_WARN_INT_CONVERSION = YES;
				CLANG_WARN_OBJC_ROOT_CLASS = YES_ERROR;
				CLANG_WARN_UNREACHABLE_CODE = YES;
				CLANG_WARN__DUPLICATE_METHOD_MATCH = YES;
				"CODE_SIGN_IDENTITY[sdk=iphoneos*]" = "iPhone Developer";
				COPY_PHASE_STRIP = NO;
				DEBUG_INFORMATION_FORMAT = dwarf;
				ENABLE_STRICT_OBJC_MSGSEND = YES;
				ENABLE_TESTABILITY = YES;
				GCC_C_LANGUAGE_STANDARD = gnu99;
				GCC_DYNAMIC_NO_PIC = NO;
				GCC_NO_COMMON_BLOCKS = YES;
				GCC_OPTIMIZATION_LEVEL = 0;
				GCC_PREPROCESSOR_DEFINITIONS = (
					"DEBUG=1",
					"$(inherited)",
				);
				GCC_WARN_64_TO_32_BIT_CONVERSION = YES;
				GCC_WARN_ABOUT_RETURN_TYPE = YES_ERROR;
				GCC_WARN_UNDECLARED_SELECTOR = YES;
				GCC_WARN_UNINITIALIZED_AUTOS = YES_AGGRESSIVE;
				GCC_WARN_UNUSED_FUNCTION = YES;
				GCC_WARN_UNUSED_VARIABLE = YES;
				IPHONEOS_DEPLOYMENT_TARGET = 9.3;
				MTL_ENABLE_DEBUG_INFO = YES;
				ONLY_ACTIVE_ARCH = YES;
				SDKROOT = iphoneos;
				SWIFT_OPTIMIZATION_LEVEL = "-Onone";
				TARGETED_DEVICE_FAMILY = "1,2";
			};
			name = Debug;
		};
		01A1365A1D90871600A1BC49 /* Release */ = {
			isa = XCBuildConfiguration;
			buildSettings = {
				ALWAYS_SEARCH_USER_PATHS = NO;
				CLANG_ANALYZER_NONNULL = YES;
				CLANG_CXX_LANGUAGE_STANDARD = "gnu++0x";
				CLANG_CXX_LIBRARY = "libc++";
				CLANG_ENABLE_MODULES = YES;
				CLANG_ENABLE_OBJC_ARC = YES;
				CLANG_WARN_BOOL_CONVERSION = YES;
				CLANG_WARN_CONSTANT_CONVERSION = YES;
				CLANG_WARN_DIRECT_OBJC_ISA_USAGE = YES_ERROR;
				CLANG_WARN_EMPTY_BODY = YES;
				CLANG_WARN_ENUM_CONVERSION = YES;
				CLANG_WARN_INT_CONVERSION = YES;
				CLANG_WARN_OBJC_ROOT_CLASS = YES_ERROR;
				CLANG_WARN_UNREACHABLE_CODE = YES;
				CLANG_WARN__DUPLICATE_METHOD_MATCH = YES;
				"CODE_SIGN_IDENTITY[sdk=iphoneos*]" = "iPhone Developer";
				COPY_PHASE_STRIP = NO;
				DEBUG_INFORMATION_FORMAT = "dwarf-with-dsym";
				ENABLE_NS_ASSERTIONS = NO;
				ENABLE_STRICT_OBJC_MSGSEND = YES;
				GCC_C_LANGUAGE_STANDARD = gnu99;
				GCC_NO_COMMON_BLOCKS = YES;
				GCC_WARN_64_TO_32_BIT_CONVERSION = YES;
				GCC_WARN_ABOUT_RETURN_TYPE = YES_ERROR;
				GCC_WARN_UNDECLARED_SELECTOR = YES;
				GCC_WARN_UNINITIALIZED_AUTOS = YES_AGGRESSIVE;
				GCC_WARN_UNUSED_FUNCTION = YES;
				GCC_WARN_UNUSED_VARIABLE = YES;
				IPHONEOS_DEPLOYMENT_TARGET = 9.3;
				MTL_ENABLE_DEBUG_INFO = NO;
				SDKROOT = iphoneos;
				TARGETED_DEVICE_FAMILY = "1,2";
				VALIDATE_PRODUCT = YES;
			};
			name = Release;
		};
		01A1365C1D90871600A1BC49 /* Debug */ = {
			isa = XCBuildConfiguration;
			buildSettings = {
				ASSETCATALOG_COMPILER_APPICON_NAME = AppIcon;
				CODE_SIGN_IDENTITY = "iPhone Developer";
				INFOPLIST_FILE = Calculator/Info.plist;
				LD_RUNPATH_SEARCH_PATHS = "$(inherited) @executable_path/Frameworks";
				PRODUCT_BUNDLE_IDENTIFIER = me.AndrewYW.Calculator;
				PRODUCT_NAME = "$(TARGET_NAME)";
			};
			name = Debug;
		};
		01A1365D1D90871600A1BC49 /* Release */ = {
			isa = XCBuildConfiguration;
			buildSettings = {
				ASSETCATALOG_COMPILER_APPICON_NAME = AppIcon;
				CODE_SIGN_IDENTITY = "iPhone Developer";
				INFOPLIST_FILE = Calculator/Info.plist;
				LD_RUNPATH_SEARCH_PATHS = "$(inherited) @executable_path/Frameworks";
				PRODUCT_BUNDLE_IDENTIFIER = me.AndrewYW.Calculator;
				PRODUCT_NAME = "$(TARGET_NAME)";
			};
			name = Release;
		};
		01A1365F1D90871600A1BC49 /* Debug */ = {
			isa = XCBuildConfiguration;
			buildSettings = {
				BUNDLE_LOADER = "$(TEST_HOST)";
				INFOPLIST_FILE = CalculatorTests/Info.plist;
				LD_RUNPATH_SEARCH_PATHS = "$(inherited) @executable_path/Frameworks @loader_path/Frameworks";
				PRODUCT_BUNDLE_IDENTIFIER = me.AndrewYW.CalculatorTests;
				PRODUCT_NAME = "$(TARGET_NAME)";
				TEST_HOST = "$(BUILT_PRODUCTS_DIR)/Calculator.app/Calculator";
			};
			name = Debug;
		};
		01A136601D90871600A1BC49 /* Release */ = {
			isa = XCBuildConfiguration;
			buildSettings = {
				BUNDLE_LOADER = "$(TEST_HOST)";
				INFOPLIST_FILE = CalculatorTests/Info.plist;
				LD_RUNPATH_SEARCH_PATHS = "$(inherited) @executable_path/Frameworks @loader_path/Frameworks";
				PRODUCT_BUNDLE_IDENTIFIER = me.AndrewYW.CalculatorTests;
				PRODUCT_NAME = "$(TARGET_NAME)";
				TEST_HOST = "$(BUILT_PRODUCTS_DIR)/Calculator.app/Calculator";
			};
			name = Release;
		};
		01A136621D90871600A1BC49 /* Debug */ = {
			isa = XCBuildConfiguration;
			buildSettings = {
				INFOPLIST_FILE = CalculatorUITests/Info.plist;
				LD_RUNPATH_SEARCH_PATHS = "$(inherited) @executable_path/Frameworks @loader_path/Frameworks";
				PRODUCT_BUNDLE_IDENTIFIER = me.AndrewYW.CalculatorUITests;
				PRODUCT_NAME = "$(TARGET_NAME)";
				TEST_TARGET_NAME = Calculator;
			};
			name = Debug;
		};
		01A136631D90871600A1BC49 /* Release */ = {
			isa = XCBuildConfiguration;
			buildSettings = {
				INFOPLIST_FILE = CalculatorUITests/Info.plist;
				LD_RUNPATH_SEARCH_PATHS = "$(inherited) @executable_path/Frameworks @loader_path/Frameworks";
				PRODUCT_BUNDLE_IDENTIFIER = me.AndrewYW.CalculatorUITests;
				PRODUCT_NAME = "$(TARGET_NAME)";
				TEST_TARGET_NAME = Calculator;
			};
			name = Release;
		};
/* End XCBuildConfiguration section */

/* Begin XCConfigurationList section */
		01A1362E1D90871500A1BC49 /* Build configuration list for PBXProject "Calculator" */ = {
			isa = XCConfigurationList;
			buildConfigurations = (
				01A136591D90871600A1BC49 /* Debug */,
				01A1365A1D90871600A1BC49 /* Release */,
			);
			defaultConfigurationIsVisible = 0;
			defaultConfigurationName = Release;
		};
		01A1365B1D90871600A1BC49 /* Build configuration list for PBXNativeTarget "Calculator" */ = {
			isa = XCConfigurationList;
			buildConfigurations = (
				01A1365C1D90871600A1BC49 /* Debug */,
				01A1365D1D90871600A1BC49 /* Release */,
			);
			defaultConfigurationIsVisible = 0;
			defaultConfigurationName = Release;
		};
		01A1365E1D90871600A1BC49 /* Build configuration list for PBXNativeTarget "CalculatorTests" */ = {
			isa = XCConfigurationList;
			buildConfigurations = (
				01A1365F1D90871600A1BC49 /* Debug */,
				01A136601D90871600A1BC49 /* Release */,
			);
			defaultConfigurationIsVisible = 0;
			defaultConfigurationName = Release;
		};
		01A136611D90871600A1BC49 /* Build configuration list for PBXNativeTarget "CalculatorUITests" */ = {
			isa = XCConfigurationList;
			buildConfigurations = (
				01A136621D90871600A1BC49 /* Debug */,
				01A136631D90871600A1BC49 /* Release */,
			);
			defaultConfigurationIsVisible = 0;
			defaultConfigurationName = Release;
		};
/* End XCConfigurationList section */
	};
	rootObject = 01A1362B1D90871500A1BC49 /* Project object */;
}
